
Microsoft Visual Studio Solution File, Format Version 12.00
# Visual Studio Version 17
VisualStudioVersion = 17.0.31919.166
MinimumVisualStudioVersion = 10.0.40219.1
Project("{FAE04EC0-301F-11D3-BF4B-00C04F79EFBC}") = "SparkPlugJob", "SparkPlugJob\SparkPlugJob.csproj", "{89689580-4952-45BE-9DDD-A5574DAAFE79}"
EndProject
Project("{FAE04EC0-301F-11D3-BF4B-00C04F79EFBC}") = "Models", "Model\Models.csproj", "{7AAC01C7-1CB5-4650-8A62-27BB4666185C}"
EndProject
Project("{FAE04EC0-301F-11D3-BF4B-00C04F79EFBC}") = "Services", "Services\Services.csproj", "{77F2F969-757A-4744-AF95-16551A40A6D0}"
EndProject
Global
	GlobalSection(SolutionConfigurationPlatforms) = preSolution
		Debug|Any CPU = Debug|Any CPU
		Release|Any CPU = Release|Any CPU
	EndGlobalSection
	GlobalSection(ProjectConfigurationPlatforms) = postSolution
		{89689580-4952-45BE-9DDD-A5574DAAFE79}.Debug|Any CPU.ActiveCfg = Debug|Any CPU
		{89689580-4952-45BE-9DDD-A5574DAAFE79}.Debug|Any CPU.Build.0 = Debug|Any CPU
		{89689580-4952-45BE-9DDD-A5574DAAFE79}.Release|Any CPU.ActiveCfg = Release|Any CPU
		{89689580-4952-45BE-9DDD-A5574DAAFE79}.Release|Any CPU.Build.0 = Release|Any CPU
		{7AAC01C7-1CB5-4650-8A62-27BB4666185C}.Debug|Any CPU.ActiveCfg = Debug|Any CPU
		{7AAC01C7-1CB5-4650-8A62-27BB4666185C}.Debug|Any CPU.Build.0 = Debug|Any CPU
		{7AAC01C7-1CB5-4650-8A62-27BB4666185C}.Release|Any CPU.ActiveCfg = Release|Any CPU
		{7AAC01C7-1CB5-4650-8A62-27BB4666185C}.Release|Any CPU.Build.0 = Release|Any CPU
		{77F2F969-757A-4744-AF95-16551A40A6D0}.Debug|Any CPU.ActiveCfg = Debug|Any CPU
		{77F2F969-757A-4744-AF95-16551A40A6D0}.Debug|Any CPU.Build.0 = Debug|Any CPU
		{77F2F969-757A-4744-AF95-16551A40A6D0}.Release|Any CPU.ActiveCfg = Release|Any CPU
		{77F2F969-757A-4744-AF95-16551A40A6D0}.Release|Any CPU.Build.0 = Release|Any CPU
	EndGlobalSection
	GlobalSection(SolutionProperties) = preSolution
		HideSolutionNode = FALSE
	EndGlobalSection
	GlobalSection(ExtensibilityGlobals) = postSolution
		SolutionGuid = {682C8F95-2964-429D-B0D7-B99738EAA2AD}
	EndGlobalSection
EndGlobal
